Microsoft Visual Studio Solution File, Format Version 12.00
# Visual Studio Version 17
VisualStudioVersion = 17.5.2.0
MinimumVisualStudioVersion = 10.0.40219.1
Project("{FAE04EC0-301F-11D3-BF4B-00C04F79EFBC}") = "BlazorViaCep", "BlazorViaCep.csproj", "{397CAEF7-E2EF-BB2C-42AA-B9C4D0DB500F}"
EndProject
Global
	GlobalSection(SolutionConfigurationPlatforms) = preSolution
		Debug|Any CPU = Debug|Any CPU
		Release|Any CPU = Release|Any CPU
	EndGlobalSection
	GlobalSection(ProjectConfigurationPlatforms) = postSolution
		{397CAEF7-E2EF-BB2C-42AA-B9C4D0DB500F}.Debug|Any CPU.ActiveCfg = Debug|Any CPU
		{397CAEF7-E2EF-BB2C-42AA-B9C4D0DB500F}.Debug|Any CPU.Build.0 = Debug|Any CPU
		{397CAEF7-E2EF-BB2C-42AA-B9C4D0DB500F}.Release|Any CPU.ActiveCfg = Release|Any CPU
		{397CAEF7-E2EF-BB2C-42AA-B9C4D0DB500F}.Release|Any CPU.Build.0 = Release|Any CPU
	EndGlobalSection
	GlobalSection(SolutionProperties) = preSolution
		HideSolutionNode = FALSE
	EndGlobalSection
	GlobalSection(ExtensibilityGlobals) = postSolution
		SolutionGuid = {B2574129-566B-486E-84F0-78578C1B8E09}
	EndGlobalSection
EndGlobal
